
Microsoft Visual Studio Solution File, Format Version 12.00
# Visual Studio Version 16
VisualStudioVersion = 16.0.31321.278
MinimumVisualStudioVersion = 10.0.40219.1
Project("{FAE04EC0-301F-11D3-BF4B-00C04F79EFBC}") = "CSharpToWebApi", "CSharpToWebApi\CSharpToWebApi.csproj", "{B69232C0-7483-4DDA-A86F-DBCB21F3E514}"
EndProject
Global
	GlobalSection(SolutionConfigurationPlatforms) = preSolution
		Debug|Any CPU = Debug|Any CPU
		Release|Any CPU = Release|Any CPU
	EndGlobalSection
	GlobalSection(ProjectConfigurationPlatforms) = postSolution
		{B69232C0-7483-4DDA-A86F-DBCB21F3E514}.Debug|Any CPU.ActiveCfg = Debug|Any CPU
		{B69232C0-7483-4DDA-A86F-DBCB21F3E514}.Debug|Any CPU.Build.0 = Debug|Any CPU
		{B69232C0-7483-4DDA-A86F-DBCB21F3E514}.Release|Any CPU.ActiveCfg = Release|Any CPU
		{B69232C0-7483-4DDA-A86F-DBCB21F3E514}.Release|Any CPU.Build.0 = Release|Any CPU
	EndGlobalSection
	GlobalSection(SolutionProperties) = preSolution
		HideSolutionNode = FALSE
	EndGlobalSection
	GlobalSection(ExtensibilityGlobals) = postSolution
		SolutionGuid = {CAFA992C-9214-46B7-92F0-65A449702782}
	EndGlobalSection
EndGlobal
